
Microsoft Visual Studio Solution File, Format Version 12.00
# Visual Studio Version 17
VisualStudioVersion = 17.14.36930.0 d17.14
MinimumVisualStudioVersion = 10.0.40219.1
Project("{FAE04EC0-301F-11D3-BF4B-00C04F79EFBC}") = "Parkly Backend", "Parkly Backend.csproj", "{6EFD62FB-7ED1-4A57-AC51-561863531D0C}"
EndProject
Global
	GlobalSection(SolutionConfigurationPlatforms) = preSolution
		Debug|Any CPU = Debug|Any CPU
		Release|Any CPU = Release|Any CPU
	EndGlobalSection
	GlobalSection(ProjectConfigurationPlatforms) = postSolution
		{6EFD62FB-7ED1-4A57-AC51-561863531D0C}.Debug|Any CPU.ActiveCfg = Debug|Any CPU
		{6EFD62FB-7ED1-4A57-AC51-561863531D0C}.Debug|Any CPU.Build.0 = Debug|Any CPU
		{6EFD62FB-7ED1-4A57-AC51-561863531D0C}.Release|Any CPU.ActiveCfg = Release|Any CPU
		{6EFD62FB-7ED1-4A57-AC51-561863531D0C}.Release|Any CPU.Build.0 = Release|Any CPU
	EndGlobalSection
	GlobalSection(SolutionProperties) = preSolution
		HideSolutionNode = FALSE
	EndGlobalSection
	GlobalSection(ExtensibilityGlobals) = postSolution
		SolutionGuid = {D42FC1FF-3533-4CF4-9934-CDAA4F83DF1C}
	EndGlobalSection
EndGlobal
